
Microsoft Visual Studio Solution File, Format Version 12.00
# Visual Studio Version 17
VisualStudioVersion = 17.12.35527.113 d17.12
MinimumVisualStudioVersion = 10.0.40219.1
Project("{FAE04EC0-301F-11D3-BF4B-00C04F79EFBC}") = "Exercise9.API", "Exercise9.API\Exercise9.API.csproj", "{166B44F0-EC94-4FB7-A939-28DCDBF46181}"
EndProject
Project("{E53339B2-1760-4266-BCC7-CA923CBCF16C}") = "docker-compose", "docker-compose.dcproj", "{3F673523-01E1-45C1-AFAC-3A58F1DDEE96}"
EndProject
Global
	GlobalSection(SolutionConfigurationPlatforms) = preSolution
		Debug|Any CPU = Debug|Any CPU
		Release|Any CPU = Release|Any CPU
	EndGlobalSection
	GlobalSection(ProjectConfigurationPlatforms) = postSolution
		{166B44F0-EC94-4FB7-A939-28DCDBF46181}.Debug|Any CPU.ActiveCfg = Debug|Any CPU
		{166B44F0-EC94-4FB7-A939-28DCDBF46181}.Debug|Any CPU.Build.0 = Debug|Any CPU
		{166B44F0-EC94-4FB7-A939-28DCDBF46181}.Release|Any CPU.ActiveCfg = Release|Any CPU
		{166B44F0-EC94-4FB7-A939-28DCDBF46181}.Release|Any CPU.Build.0 = Release|Any CPU
		{3F673523-01E1-45C1-AFAC-3A58F1DDEE96}.Debug|Any CPU.ActiveCfg = Debug|Any CPU
		{3F673523-01E1-45C1-AFAC-3A58F1DDEE96}.Debug|Any CPU.Build.0 = Debug|Any CPU
		{3F673523-01E1-45C1-AFAC-3A58F1DDEE96}.Release|Any CPU.ActiveCfg = Release|Any CPU
		{3F673523-01E1-45C1-AFAC-3A58F1DDEE96}.Release|Any CPU.Build.0 = Release|Any CPU
	EndGlobalSection
	GlobalSection(SolutionProperties) = preSolution
		HideSolutionNode = FALSE
	EndGlobalSection
EndGlobal
