
Microsoft Visual Studio Solution File, Format Version 12.00
# Visual Studio Version 17
VisualStudioVersion = 17.12.35527.113 d17.12
MinimumVisualStudioVersion = 10.0.40219.1
Project("{FAE04EC0-301F-11D3-BF4B-00C04F79EFBC}") = "Exercise7", "Exercise7.csproj", "{EC301898-A0B5-4E08-BA81-8C4227126756}"
EndProject
Global
	GlobalSection(SolutionConfigurationPlatforms) = preSolution
		Debug|Any CPU = Debug|Any CPU
		Release|Any CPU = Release|Any CPU
	EndGlobalSection
	GlobalSection(ProjectConfigurationPlatforms) = postSolution
		{EC301898-A0B5-4E08-BA81-8C4227126756}.Debug|Any CPU.ActiveCfg = Debug|Any CPU
		{EC301898-A0B5-4E08-BA81-8C4227126756}.Debug|Any CPU.Build.0 = Debug|Any CPU
		{EC301898-A0B5-4E08-BA81-8C4227126756}.Release|Any CPU.ActiveCfg = Release|Any CPU
		{EC301898-A0B5-4E08-BA81-8C4227126756}.Release|Any CPU.Build.0 = Release|Any CPU
	EndGlobalSection
	GlobalSection(SolutionProperties) = preSolution
		HideSolutionNode = FALSE
	EndGlobalSection
EndGlobal
